
Microsoft Visual Studio Solution File, Format Version 12.00
# Visual Studio 15
VisualStudioVersion = 15.0.26228.9
MinimumVisualStudioVersion = 10.0.40219.1
Project("{FAE04EC0-301F-11D3-BF4B-00C04F79EFBC}") = "Drummers.Mvc", "src\UI\Web\Drummers.Mvc\Drummers.Mvc.csproj", "{169363FF-EDE6-4B15-BC02-7EDBC60F8043}"
EndProject
Project("{2150E333-8FDC-42A3-9474-1A3956D46DE8}") = "Core", "Core", "{9D6689E7-CCD6-4F18-A91C-4D36B258B340}"
EndProject
Project("{2150E333-8FDC-42A3-9474-1A3956D46DE8}") = "UI", "UI", "{AA072E43-F754-49D6-A442-A89120B5A387}"
EndProject
Project("{2150E333-8FDC-42A3-9474-1A3956D46DE8}") = "Infrastructure", "Infrastructure", "{6AB0B737-84C9-456B-A2FC-D949EA1D1D4D}"
EndProject
Project("{2150E333-8FDC-42A3-9474-1A3956D46DE8}") = "Solution Items", "Solution Items", "{809399B6-B902-40F4-8A02-B03AA9E616D4}"
	ProjectSection(SolutionItems) = preProject
		appveyor.yml = appveyor.yml
		README.md = README.md
	EndProjectSection
EndProject
Project("{2150E333-8FDC-42A3-9474-1A3956D46DE8}") = "Tests", "Tests", "{0D403281-3B4A-45F4-98D4-68906EAACC9D}"
EndProject
Project("{2150E333-8FDC-42A3-9474-1A3956D46DE8}") = "UnitTests", "UnitTests", "{EF57E2ED-9A44-46BA-A10D-B841D3676DC9}"
EndProject
Project("{FAE04EC0-301F-11D3-BF4B-00C04F79EFBC}") = "Drummers.Domain.Entities", "src\Core\Drummers.Domain.Entities\Drummers.Domain.Entities.csproj", "{905D6FA0-7393-4391-B087-FF11A60280C8}"
EndProject
Project("{FAE04EC0-301F-11D3-BF4B-00C04F79EFBC}") = "Drummers.Domain.Interfaces", "src\Core\Drummers.Domain.Interfaces\Drummers.Domain.Interfaces.csproj", "{5AF475B8-39C4-489D-A50C-9D1C0A3E9B29}"
EndProject
Project("{FAE04EC0-301F-11D3-BF4B-00C04F79EFBC}") = "Drummers.Infrastructure.Interfaces", "src\Infrastructure\Drummers.Infrastructure.Interfaces\Drummers.Infrastructure.Interfaces.csproj", "{A48BE2C2-3BBD-4032-A64B-A92C2713A252}"
EndProject
Project("{2150E333-8FDC-42A3-9474-1A3956D46DE8}") = "Services", "Services", "{8379B796-1124-4F84-BAA0-3CA3EBF09308}"
EndProject
Project("{FAE04EC0-301F-11D3-BF4B-00C04F79EFBC}") = "Drummers.Application.Services", "src\Core\Drummers.Application.Services\Drummers.Application.Services.csproj", "{CF338504-EA5D-490E-92D7-8500A8003D79}"
EndProject
Project("{FAE04EC0-301F-11D3-BF4B-00C04F79EFBC}") = "Drummers.Infrastructure.CompositionRoot", "src\Infrastructure\Drummers.Infrastructure.CompositionRoot\Drummers.Infrastructure.CompositionRoot.csproj", "{2AB3CC46-5B77-4DD2-8916-124AA07C96BA}"
EndProject
Project("{FAE04EC0-301F-11D3-BF4B-00C04F79EFBC}") = "Drummers.Infrastructure.DataAccess", "src\Infrastructure\Drummers.Infrastructure.DataAccess\Drummers.Infrastructure.DataAccess.csproj", "{A0B99DF3-37A5-42A4-A9D2-569CCB29B0E4}"
EndProject
Project("{2150E333-8FDC-42A3-9474-1A3956D46DE8}") = "Core", "Core", "{6E512EE4-E3CE-496E-B093-9571CAD4DDEB}"
EndProject
Project("{2150E333-8FDC-42A3-9474-1A3956D46DE8}") = "Infrastructure", "Infrastructure", "{C7928134-665C-4300-9709-603B0BC9767D}"
EndProject
Project("{2150E333-8FDC-42A3-9474-1A3956D46DE8}") = "Services", "Services", "{D705601D-B7C4-4B05-9386-A5ADA3D0FFC0}"
EndProject
Project("{FAE04EC0-301F-11D3-BF4B-00C04F79EFBC}") = "Drummers.Domain.Entities.Tests", "src\Tests\UnitTests\Core\Drummers.Domain.Entities.Tests\Drummers.Domain.Entities.Tests.csproj", "{5F60518B-90A4-485B-85AB-FD1879D2E4CE}"
EndProject
Global
	GlobalSection(SolutionConfigurationPlatforms) = preSolution
		Debug|Any CPU = Debug|Any CPU
		Release|Any CPU = Release|Any CPU
	EndGlobalSection
	GlobalSection(ProjectConfigurationPlatforms) = postSolution
		{169363FF-EDE6-4B15-BC02-7EDBC60F8043}.Debug|Any CPU.ActiveCfg = Debug|Any CPU
		{169363FF-EDE6-4B15-BC02-7EDBC60F8043}.Debug|Any CPU.Build.0 = Debug|Any CPU
		{169363FF-EDE6-4B15-BC02-7EDBC60F8043}.Release|Any CPU.ActiveCfg = Release|Any CPU
		{169363FF-EDE6-4B15-BC02-7EDBC60F8043}.Release|Any CPU.Build.0 = Release|Any CPU
		{905D6FA0-7393-4391-B087-FF11A60280C8}.Debug|Any CPU.ActiveCfg = Debug|Any CPU
		{905D6FA0-7393-4391-B087-FF11A60280C8}.Debug|Any CPU.Build.0 = Debug|Any CPU
		{905D6FA0-7393-4391-B087-FF11A60280C8}.Release|Any CPU.ActiveCfg = Release|Any CPU
		{905D6FA0-7393-4391-B087-FF11A60280C8}.Release|Any CPU.Build.0 = Release|Any CPU
		{5AF475B8-39C4-489D-A50C-9D1C0A3E9B29}.Debug|Any CPU.ActiveCfg = Debug|Any CPU
		{5AF475B8-39C4-489D-A50C-9D1C0A3E9B29}.Debug|Any CPU.Build.0 = Debug|Any CPU
		{5AF475B8-39C4-489D-A50C-9D1C0A3E9B29}.Release|Any CPU.ActiveCfg = Release|Any CPU
		{5AF475B8-39C4-489D-A50C-9D1C0A3E9B29}.Release|Any CPU.Build.0 = Release|Any CPU
		{A48BE2C2-3BBD-4032-A64B-A92C2713A252}.Debug|Any CPU.ActiveCfg = Debug|Any CPU
		{A48BE2C2-3BBD-4032-A64B-A92C2713A252}.Debug|Any CPU.Build.0 = Debug|Any CPU
		{A48BE2C2-3BBD-4032-A64B-A92C2713A252}.Release|Any CPU.ActiveCfg = Release|Any CPU
		{A48BE2C2-3BBD-4032-A64B-A92C2713A252}.Release|Any CPU.Build.0 = Release|Any CPU
		{CF338504-EA5D-490E-92D7-8500A8003D79}.Debug|Any CPU.ActiveCfg = Debug|Any CPU
		{CF338504-EA5D-490E-92D7-8500A8003D79}.Debug|Any CPU.Build.0 = Debug|Any CPU
		{CF338504-EA5D-490E-92D7-8500A8003D79}.Release|Any CPU.ActiveCfg = Release|Any CPU
		{CF338504-EA5D-490E-92D7-8500A8003D79}.Release|Any CPU.Build.0 = Release|Any CPU
		{2AB3CC46-5B77-4DD2-8916-124AA07C96BA}.Debug|Any CPU.ActiveCfg = Debug|Any CPU
		{2AB3CC46-5B77-4DD2-8916-124AA07C96BA}.Debug|Any CPU.Build.0 = Debug|Any CPU
		{2AB3CC46-5B77-4DD2-8916-124AA07C96BA}.Release|Any CPU.ActiveCfg = Release|Any CPU
		{2AB3CC46-5B77-4DD2-8916-124AA07C96BA}.Release|Any CPU.Build.0 = Release|Any CPU
		{A0B99DF3-37A5-42A4-A9D2-569CCB29B0E4}.Debug|Any CPU.ActiveCfg = Debug|Any CPU
		{A0B99DF3-37A5-42A4-A9D2-569CCB29B0E4}.Debug|Any CPU.Build.0 = Debug|Any CPU
		{A0B99DF3-37A5-42A4-A9D2-569CCB29B0E4}.Release|Any CPU.ActiveCfg = Release|Any CPU
		{A0B99DF3-37A5-42A4-A9D2-569CCB29B0E4}.Release|Any CPU.Build.0 = Release|Any CPU
		{5F60518B-90A4-485B-85AB-FD1879D2E4CE}.Debug|Any CPU.ActiveCfg = Debug|Any CPU
		{5F60518B-90A4-485B-85AB-FD1879D2E4CE}.Debug|Any CPU.Build.0 = Debug|Any CPU
		{5F60518B-90A4-485B-85AB-FD1879D2E4CE}.Release|Any CPU.ActiveCfg = Release|Any CPU
		{5F60518B-90A4-485B-85AB-FD1879D2E4CE}.Release|Any CPU.Build.0 = Release|Any CPU
	EndGlobalSection
	GlobalSection(SolutionProperties) = preSolution
		HideSolutionNode = FALSE
	EndGlobalSection
	GlobalSection(NestedProjects) = preSolution
		{169363FF-EDE6-4B15-BC02-7EDBC60F8043} = {AA072E43-F754-49D6-A442-A89120B5A387}
		{EF57E2ED-9A44-46BA-A10D-B841D3676DC9} = {0D403281-3B4A-45F4-98D4-68906EAACC9D}
		{905D6FA0-7393-4391-B087-FF11A60280C8} = {9D6689E7-CCD6-4F18-A91C-4D36B258B340}
		{5AF475B8-39C4-489D-A50C-9D1C0A3E9B29} = {9D6689E7-CCD6-4F18-A91C-4D36B258B340}
		{A48BE2C2-3BBD-4032-A64B-A92C2713A252} = {6AB0B737-84C9-456B-A2FC-D949EA1D1D4D}
		{CF338504-EA5D-490E-92D7-8500A8003D79} = {8379B796-1124-4F84-BAA0-3CA3EBF09308}
		{2AB3CC46-5B77-4DD2-8916-124AA07C96BA} = {6AB0B737-84C9-456B-A2FC-D949EA1D1D4D}
		{A0B99DF3-37A5-42A4-A9D2-569CCB29B0E4} = {6AB0B737-84C9-456B-A2FC-D949EA1D1D4D}
		{6E512EE4-E3CE-496E-B093-9571CAD4DDEB} = {EF57E2ED-9A44-46BA-A10D-B841D3676DC9}
		{C7928134-665C-4300-9709-603B0BC9767D} = {EF57E2ED-9A44-46BA-A10D-B841D3676DC9}
		{D705601D-B7C4-4B05-9386-A5ADA3D0FFC0} = {EF57E2ED-9A44-46BA-A10D-B841D3676DC9}
		{5F60518B-90A4-485B-85AB-FD1879D2E4CE} = {6E512EE4-E3CE-496E-B093-9571CAD4DDEB}
	EndGlobalSection
EndGlobal
