
Microsoft Visual Studio Solution File, Format Version 12.00
# Visual Studio 14
VisualStudioVersion = 14.0.25420.1
MinimumVisualStudioVersion = 10.0.40219.1
Project("{2150E333-8FDC-42A3-9474-1A3956D46DE8}") = "UI", "UI", "{789920E9-313A-40C7-AAAD-252F53C532F9}"
EndProject
Project("{2150E333-8FDC-42A3-9474-1A3956D46DE8}") = "Core", "Core", "{17FE0BA0-FB00-4E14-B494-28AB49B9CB72}"
EndProject
Project("{2150E333-8FDC-42A3-9474-1A3956D46DE8}") = "Infrastructure", "Infrastructure", "{8AF3C2FE-B233-41B6-8E72-41FD6D437794}"
EndProject
Project("{2150E333-8FDC-42A3-9474-1A3956D46DE8}") = "Tests", "Tests", "{0D1B2D6C-22E5-4D8F-A511-BF096F5BB804}"
EndProject
Project("{FAE04EC0-301F-11D3-BF4B-00C04F79EFBC}") = "Podcaster.Data", "src\Podcaster.Data\Podcaster.Data.csproj", "{B3EA48C0-50ED-433F-8D66-91DDE7D9B1D0}"
EndProject
Project("{2150E333-8FDC-42A3-9474-1A3956D46DE8}") = "Services", "Services", "{DCE320CE-D6BC-4580-8FEE-19EFF1A454D7}"
EndProject
Project("{FAE04EC0-301F-11D3-BF4B-00C04F79EFBC}") = "Podcaster.UnitTests", "src\Podcaster.UnitTests\Podcaster.UnitTests.csproj", "{A63B981E-91AF-494C-9D0F-A1C0520686EA}"
EndProject
Project("{FAE04EC0-301F-11D3-BF4B-00C04F79EFBC}") = "Podcaster.CompositionModules", "src\Podcaster.CompositionModules\Podcaster.CompositionModules.csproj", "{7D806601-C9CD-40FD-A094-8A20072678FB}"
EndProject
Project("{FAE04EC0-301F-11D3-BF4B-00C04F79EFBC}") = "Podcaster.Services", "src\Podcaster.Services\Podcaster.Services.csproj", "{33400B7D-E029-4A05-921C-4CC7B303C555}"
EndProject
Project("{FAE04EC0-301F-11D3-BF4B-00C04F79EFBC}") = "Podcaster.Models", "src\Podcaster.Models\Podcaster.Models.csproj", "{1F83D194-4433-4E87-90CD-8F640B6A03BF}"
EndProject
Project("{2150E333-8FDC-42A3-9474-1A3956D46DE8}") = "Solution Items", "Solution Items", "{6E2FA0D5-FEBC-4159-936C-FA2FFE5EED18}"
	ProjectSection(SolutionItems) = preProject
		appveyor.yml = appveyor.yml
		src\Podcaster.UnitTests\Models\ApplicationUser\json1.json = src\Podcaster.UnitTests\Models\ApplicationUser\json1.json
		README.md = README.md
	EndProjectSection
EndProject
Project("{FAE04EC0-301F-11D3-BF4B-00C04F79EFBC}") = "Podcaster.Identity", "src\Podcaster.Identity\Podcaster.Identity.csproj", "{71B2CFBB-E855-4BC1-B808-47E9E9609108}"
EndProject
Project("{FAE04EC0-301F-11D3-BF4B-00C04F79EFBC}") = "Podcaster.Web", "src\Podcaster.Web\Podcaster.Web.csproj", "{56424B66-7C5A-4FE2-B4DC-95A6B2004D6A}"
	ProjectSection(ProjectDependencies) = postProject
		{B3EA48C0-50ED-433F-8D66-91DDE7D9B1D0} = {B3EA48C0-50ED-433F-8D66-91DDE7D9B1D0}
	EndProjectSection
EndProject
Project("{FAE04EC0-301F-11D3-BF4B-00C04F79EFBC}") = "Podcaster.Common", "src\Podcaster.Common\Podcaster.Common.csproj", "{943E3583-3E46-4F00-872E-7C4ECB6A7F2D}"
EndProject
Global
	GlobalSection(SolutionConfigurationPlatforms) = preSolution
		Debug|Any CPU = Debug|Any CPU
		Release|Any CPU = Release|Any CPU
	EndGlobalSection
	GlobalSection(ProjectConfigurationPlatforms) = postSolution
		{B3EA48C0-50ED-433F-8D66-91DDE7D9B1D0}.Debug|Any CPU.ActiveCfg = Debug|Any CPU
		{B3EA48C0-50ED-433F-8D66-91DDE7D9B1D0}.Debug|Any CPU.Build.0 = Debug|Any CPU
		{B3EA48C0-50ED-433F-8D66-91DDE7D9B1D0}.Release|Any CPU.ActiveCfg = Release|Any CPU
		{B3EA48C0-50ED-433F-8D66-91DDE7D9B1D0}.Release|Any CPU.Build.0 = Release|Any CPU
		{A63B981E-91AF-494C-9D0F-A1C0520686EA}.Debug|Any CPU.ActiveCfg = Debug|Any CPU
		{A63B981E-91AF-494C-9D0F-A1C0520686EA}.Debug|Any CPU.Build.0 = Debug|Any CPU
		{A63B981E-91AF-494C-9D0F-A1C0520686EA}.Release|Any CPU.ActiveCfg = Release|Any CPU
		{A63B981E-91AF-494C-9D0F-A1C0520686EA}.Release|Any CPU.Build.0 = Release|Any CPU
		{7D806601-C9CD-40FD-A094-8A20072678FB}.Debug|Any CPU.ActiveCfg = Debug|Any CPU
		{7D806601-C9CD-40FD-A094-8A20072678FB}.Debug|Any CPU.Build.0 = Debug|Any CPU
		{7D806601-C9CD-40FD-A094-8A20072678FB}.Release|Any CPU.ActiveCfg = Release|Any CPU
		{7D806601-C9CD-40FD-A094-8A20072678FB}.Release|Any CPU.Build.0 = Release|Any CPU
		{33400B7D-E029-4A05-921C-4CC7B303C555}.Debug|Any CPU.ActiveCfg = Debug|Any CPU
		{33400B7D-E029-4A05-921C-4CC7B303C555}.Debug|Any CPU.Build.0 = Debug|Any CPU
		{33400B7D-E029-4A05-921C-4CC7B303C555}.Release|Any CPU.ActiveCfg = Release|Any CPU
		{33400B7D-E029-4A05-921C-4CC7B303C555}.Release|Any CPU.Build.0 = Release|Any CPU
		{1F83D194-4433-4E87-90CD-8F640B6A03BF}.Debug|Any CPU.ActiveCfg = Debug|Any CPU
		{1F83D194-4433-4E87-90CD-8F640B6A03BF}.Debug|Any CPU.Build.0 = Debug|Any CPU
		{1F83D194-4433-4E87-90CD-8F640B6A03BF}.Release|Any CPU.ActiveCfg = Release|Any CPU
		{1F83D194-4433-4E87-90CD-8F640B6A03BF}.Release|Any CPU.Build.0 = Release|Any CPU
		{71B2CFBB-E855-4BC1-B808-47E9E9609108}.Debug|Any CPU.ActiveCfg = Debug|Any CPU
		{71B2CFBB-E855-4BC1-B808-47E9E9609108}.Debug|Any CPU.Build.0 = Debug|Any CPU
		{71B2CFBB-E855-4BC1-B808-47E9E9609108}.Release|Any CPU.ActiveCfg = Release|Any CPU
		{71B2CFBB-E855-4BC1-B808-47E9E9609108}.Release|Any CPU.Build.0 = Release|Any CPU
		{56424B66-7C5A-4FE2-B4DC-95A6B2004D6A}.Debug|Any CPU.ActiveCfg = Debug|Any CPU
		{56424B66-7C5A-4FE2-B4DC-95A6B2004D6A}.Debug|Any CPU.Build.0 = Debug|Any CPU
		{56424B66-7C5A-4FE2-B4DC-95A6B2004D6A}.Release|Any CPU.ActiveCfg = Release|Any CPU
		{56424B66-7C5A-4FE2-B4DC-95A6B2004D6A}.Release|Any CPU.Build.0 = Release|Any CPU
		{943E3583-3E46-4F00-872E-7C4ECB6A7F2D}.Debug|Any CPU.ActiveCfg = Debug|Any CPU
		{943E3583-3E46-4F00-872E-7C4ECB6A7F2D}.Debug|Any CPU.Build.0 = Debug|Any CPU
		{943E3583-3E46-4F00-872E-7C4ECB6A7F2D}.Release|Any CPU.ActiveCfg = Release|Any CPU
		{943E3583-3E46-4F00-872E-7C4ECB6A7F2D}.Release|Any CPU.Build.0 = Release|Any CPU
	EndGlobalSection
	GlobalSection(SolutionProperties) = preSolution
		HideSolutionNode = FALSE
	EndGlobalSection
	GlobalSection(NestedProjects) = preSolution
		{B3EA48C0-50ED-433F-8D66-91DDE7D9B1D0} = {8AF3C2FE-B233-41B6-8E72-41FD6D437794}
		{A63B981E-91AF-494C-9D0F-A1C0520686EA} = {0D1B2D6C-22E5-4D8F-A511-BF096F5BB804}
		{7D806601-C9CD-40FD-A094-8A20072678FB} = {8AF3C2FE-B233-41B6-8E72-41FD6D437794}
		{33400B7D-E029-4A05-921C-4CC7B303C555} = {DCE320CE-D6BC-4580-8FEE-19EFF1A454D7}
		{1F83D194-4433-4E87-90CD-8F640B6A03BF} = {17FE0BA0-FB00-4E14-B494-28AB49B9CB72}
		{71B2CFBB-E855-4BC1-B808-47E9E9609108} = {DCE320CE-D6BC-4580-8FEE-19EFF1A454D7}
		{56424B66-7C5A-4FE2-B4DC-95A6B2004D6A} = {789920E9-313A-40C7-AAAD-252F53C532F9}
		{943E3583-3E46-4F00-872E-7C4ECB6A7F2D} = {17FE0BA0-FB00-4E14-B494-28AB49B9CB72}
	EndGlobalSection
EndGlobal
